{
    "requires": true,
    "lockfileVersion": 1,
    "dependencies": {
        "mdbootstrap": {
            "version": "4.9.0",
            "resolved": "https://registry.npm.taobao.org/mdbootstrap/download/mdbootstrap-4.9.0.tgz",
            "integrity": "sha1-d8fvWF93UsuEiAO0eSwpoA83tZg="
        }
    }
}
